// !$*UTF8*$!
{
	archiveVersion = 1;
	classes = {
	};
	objectVersion = 50;
	objects = {

/* Begin PBXBuildFile section */
		7DE7D65C0E79217CFC4E19E6 /* Pods_MyScore.framework in Frameworks */ = {isa = PBXBuildFile; fileRef = F6831902C6E60605921B346E /* Pods_MyScore.framework */; };
		7E35C6DB2292DB9C0068E158 /* Competition.swift in Sources */ = {isa = PBXBuildFile; fileRef = 7E35C6DA2292DB9C0068E158 /* Competition.swift */; };
		7E35C6DE2292DD7A0068E158 /* Following.swift in Sources */ = {isa = PBXBuildFile; fileRef = 7E35C6DD2292DD7A0068E158 /* Following.swift */; };
		7E35C6E02292DDA80068E158 /* User.swift in Sources */ = {isa = PBXBuildFile; fileRef = 7E35C6DF2292DDA80068E158 /* User.swift */; };
		7E35C6E32292EF2B0068E158 /* CustomTableViewCell.swift in Sources */ = {isa = PBXBuildFile; fileRef = 7E35C6E12292EF2B0068E158 /* CustomTableViewCell.swift */; };
		7E35C6E42292EF2B0068E158 /* CustomTableViewCell.xib in Resources */ = {isa = PBXBuildFile; fileRef = 7E35C6E22292EF2B0068E158 /* CustomTableViewCell.xib */; };
		7E35C6E82294318D0068E158 /* CompetitionDetailsVC.swift in Sources */ = {isa = PBXBuildFile; fileRef = 7E35C6E72294318D0068E158 /* CompetitionDetailsVC.swift */; };
		7E35C6EC229565C30068E158 /* SmallFixtureTableViewCell.swift in Sources */ = {isa = PBXBuildFile; fileRef = 7E35C6EA229565C30068E158 /* SmallFixtureTableViewCell.swift */; };
		7E35C6ED229565C30068E158 /* SmallFixtureTableViewCell.xib in Resources */ = {isa = PBXBuildFile; fileRef = 7E35C6EB229565C30068E158 /* SmallFixtureTableViewCell.xib */; };
		7E35C6F02295A42A0068E158 /* LeagueTableViewCell.swift in Sources */ = {isa = PBXBuildFile; fileRef = 7E35C6EE2295A42A0068E158 /* LeagueTableViewCell.swift */; };
		7E35C6F12295A42A0068E158 /* LeagueTableViewCell.xib in Resources */ = {isa = PBXBuildFile; fileRef = 7E35C6EF2295A42A0068E158 /* LeagueTableViewCell.xib */; };
		7E4D4D4222929D6E005C8A8B /* AppDelegate.swift in Sources */ = {isa = PBXBuildFile; fileRef = 7E4D4D4122929D6E005C8A8B /* AppDelegate.swift */; };
		7E4D4D4422929D6E005C8A8B /* CompetitionsVC.swift in Sources */ = {isa = PBXBuildFile; fileRef = 7E4D4D4322929D6E005C8A8B /* CompetitionsVC.swift */; };
		7E4D4D4722929D6E005C8A8B /* Main.storyboard in Resources */ = {isa = PBXBuildFile; fileRef = 7E4D4D4522929D6E005C8A8B /* Main.storyboard */; };
		7E4D4D4922929D71005C8A8B /* Assets.xcassets in Resources */ = {isa = PBXBuildFile; fileRef = 7E4D4D4822929D71005C8A8B /* Assets.xcassets */; };
		7E4D4D4C22929D71005C8A8B /* LaunchScreen.storyboard in Resources */ = {isa = PBXBuildFile; fileRef = 7E4D4D4A22929D71005C8A8B /* LaunchScreen.storyboard */; };
/* End PBXBuildFile section */

/* Begin PBXFileReference section */
		7E35C6DA2292DB9C0068E158 /* Competition.swift */ = {isa = PBXFileReference; lastKnownFileType = sourcecode.swift; path = Competition.swift; sourceTree = "<group>"; };
		7E35C6DD2292DD7A0068E158 /* Following.swift */ = {isa = PBXFileReference; lastKnownFileType = sourcecode.swift; path = Following.swift; sourceTree = "<group>"; };
		7E35C6DF2292DDA80068E158 /* User.swift */ = {isa = PBXFileReference; lastKnownFileType = sourcecode.swift; path = User.swift; sourceTree = "<group>"; };
		7E35C6E12292EF2B0068E158 /* CustomTableViewCell.swift */ = {isa = PBXFileReference; lastKnownFileType = sourcecode.swift; path = CustomTableViewCell.swift; sourceTree = "<group>"; };
		7E35C6E22292EF2B0068E158 /* CustomTableViewCell.xib */ = {isa = PBXFileReference; lastKnownFileType = file.xib; path = CustomTableViewCell.xib; sourceTree = "<group>"; };
		7E35C6E72294318D0068E158 /* CompetitionDetailsVC.swift */ = {isa = PBXFileReference; lastKnownFileType = sourcecode.swift; path = CompetitionDetailsVC.swift; sourceTree = "<group>"; };
		7E35C6EA229565C30068E158 /* SmallFixtureTableViewCell.swift */ = {isa = PBXFileReference; lastKnownFileType = sourcecode.swift; path = SmallFixtureTableViewCell.swift; sourceTree = "<group>"; };
		7E35C6EB229565C30068E158 /* SmallFixtureTableViewCell.xib */ = {isa = PBXFileReference; lastKnownFileType = file.xib; path = SmallFixtureTableViewCell.xib; sourceTree = "<group>"; };
		7E35C6EE2295A42A0068E158 /* LeagueTableViewCell.swift */ = {isa = PBXFileReference; lastKnownFileType = sourcecode.swift; path = LeagueTableViewCell.swift; sourceTree = "<group>"; };
		7E35C6EF2295A42A0068E158 /* LeagueTableViewCell.xib */ = {isa = PBXFileReference; lastKnownFileType = file.xib; path = LeagueTableViewCell.xib; sourceTree = "<group>"; };
		7E4D4D3E22929D6E005C8A8B /* MyScore.app */ = {isa = PBXFileReference; explicitFileType = wrapper.application; includeInIndex = 0; path = MyScore.app; sourceTree = BUILT_PRODUCTS_DIR; };
		7E4D4D4122929D6E005C8A8B /* AppDelegate.swift */ = {isa = PBXFileReference; lastKnownFileType = sourcecode.swift; path = AppDelegate.swift; sourceTree = "<group>"; };
		7E4D4D4322929D6E005C8A8B /* CompetitionsVC.swift */ = {isa = PBXFileReference; lastKnownFileType = sourcecode.swift; path = CompetitionsVC.swift; sourceTree = "<group>"; };
		7E4D4D4622929D6E005C8A8B /* Base */ = {isa = PBXFileReference; lastKnownFileType = file.storyboard; name = Base; path = Base.lproj/Main.storyboard; sourceTree = "<group>"; };
		7E4D4D4822929D71005C8A8B /* Assets.xcassets */ = {isa = PBXFileReference; lastKnownFileType = folder.assetcatalog; path = Assets.xcassets; sourceTree = "<group>"; };
		7E4D4D4B22929D71005C8A8B /* Base */ = {isa = PBXFileReference; lastKnownFileType = file.storyboard; name = Base; path = Base.lproj/LaunchScreen.storyboard; sourceTree = "<group>"; };
		7E4D4D4D22929D71005C8A8B /* Info.plist */ = {isa = PBXFileReference; lastKnownFileType = text.plist.xml; path = Info.plist; sourceTree = "<group>"; };
		AE2E5921B783D0E0372DF36D /* Pods-MyScore.release.xcconfig */ = {isa = PBXFileReference; includeInIndex = 1; lastKnownFileType = text.xcconfig; name = "Pods-MyScore.release.xcconfig"; path = "Pods/Target Support Files/Pods-MyScore/Pods-MyScore.release.xcconfig"; sourceTree = "<group>"; };
		B4E2C07FEC851E092636B803 /* Pods-MyScore.debug.xcconfig */ = {isa = PBXFileReference; includeInIndex = 1; lastKnownFileType = text.xcconfig; name = "Pods-MyScore.debug.xcconfig"; path = "Pods/Target Support Files/Pods-MyScore/Pods-MyScore.debug.xcconfig"; sourceTree = "<group>"; };
		F6831902C6E60605921B346E /* Pods_MyScore.framework */ = {isa = PBXFileReference; explicitFileType = wrapper.framework; includeInIndex = 0; path = Pods_MyScore.framework; sourceTree = BUILT_PRODUCTS_DIR; };
/* End PBXFileReference section */

/* Begin PBXFrameworksBuildPhase section */
		7E4D4D3B22929D6E005C8A8B /* Frameworks */ = {
			isa = PBXFrameworksBuildPhase;
			buildActionMask = 2147483647;
			files = (
				7DE7D65C0E79217CFC4E19E6 /* Pods_MyScore.framework in Frameworks */,
			);
			runOnlyForDeploymentPostprocessing = 0;
		};
/* End PBXFrameworksBuildPhase section */

/* Begin PBXGroup section */
		4C2CB8A3D440686F60D78D88 /* Pods */ = {
			isa = PBXGroup;
			children = (
				B4E2C07FEC851E092636B803 /* Pods-MyScore.debug.xcconfig */,
				AE2E5921B783D0E0372DF36D /* Pods-MyScore.release.xcconfig */,
			);
			name = Pods;
			sourceTree = "<group>";
		};
		7E35C6D72292DB6C0068E158 /* Model */ = {
			isa = PBXGroup;
			children = (
				7E35C6DA2292DB9C0068E158 /* Competition.swift */,
				7E35C6DD2292DD7A0068E158 /* Following.swift */,
				7E35C6DF2292DDA80068E158 /* User.swift */,
			);
			path = Model;
			sourceTree = "<group>";
		};
		7E35C6D82292DB770068E158 /* View */ = {
			isa = PBXGroup;
			children = (
				7E35C6E9229565530068E158 /* Custom Cells */,
				7E4D4D4522929D6E005C8A8B /* Main.storyboard */,
				7E4D4D4A22929D71005C8A8B /* LaunchScreen.storyboard */,
			);
			path = View;
			sourceTree = "<group>";
		};
		7E35C6D92292DB7E0068E158 /* Controller */ = {
			isa = PBXGroup;
			children = (
				7E4D4D4322929D6E005C8A8B /* CompetitionsVC.swift */,
				7E35C6E72294318D0068E158 /* CompetitionDetailsVC.swift */,
			);
			path = Controller;
			sourceTree = "<group>";
		};
		7E35C6DC2292DC0B0068E158 /* Supporting FIles */ = {
			isa = PBXGroup;
			children = (
				7E4D4D4122929D6E005C8A8B /* AppDelegate.swift */,
				7E4D4D4822929D71005C8A8B /* Assets.xcassets */,
			);
			path = "Supporting FIles";
			sourceTree = "<group>";
		};
		7E35C6E9229565530068E158 /* Custom Cells */ = {
			isa = PBXGroup;
			children = (
				7E35C6E12292EF2B0068E158 /* CustomTableViewCell.swift */,
				7E35C6E22292EF2B0068E158 /* CustomTableViewCell.xib */,
				7E35C6EA229565C30068E158 /* SmallFixtureTableViewCell.swift */,
				7E35C6EB229565C30068E158 /* SmallFixtureTableViewCell.xib */,
				7E35C6EE2295A42A0068E158 /* LeagueTableViewCell.swift */,
				7E35C6EF2295A42A0068E158 /* LeagueTableViewCell.xib */,
			);
			path = "Custom Cells";
			sourceTree = "<group>";
		};
		7E4D4D3522929D6E005C8A8B = {
			isa = PBXGroup;
			children = (
				7E4D4D4022929D6E005C8A8B /* MyScore */,
				7E4D4D3F22929D6E005C8A8B /* Products */,
				4C2CB8A3D440686F60D78D88 /* Pods */,
				7EE2652C320876CCA4904DE9 /* Frameworks */,
			);
			sourceTree = "<group>";
		};
		7E4D4D3F22929D6E005C8A8B /* Products */ = {
			isa = PBXGroup;
			children = (
				7E4D4D3E22929D6E005C8A8B /* MyScore.app */,
			);
			name = Products;
			sourceTree = "<group>";
		};
		7E4D4D4022929D6E005C8A8B /* MyScore */ = {
			isa = PBXGroup;
			children = (
				7E35C6D72292DB6C0068E158 /* Model */,
				7E35C6D82292DB770068E158 /* View */,
				7E35C6D92292DB7E0068E158 /* Controller */,
				7E35C6DC2292DC0B0068E158 /* Supporting FIles */,
				7E4D4D4D22929D71005C8A8B /* Info.plist */,
			);
			path = MyScore;
			sourceTree = "<group>";
		};
		7EE2652C320876CCA4904DE9 /* Frameworks */ = {
			isa = PBXGroup;
			children = (
				F6831902C6E60605921B346E /* Pods_MyScore.framework */,
			);
			name = Frameworks;
			sourceTree = "<group>";
		};
/* End PBXGroup section */

/* Begin PBXNativeTarget section */
		7E4D4D3D22929D6E005C8A8B /* MyScore */ = {
			isa = PBXNativeTarget;
			buildConfigurationList = 7E4D4D5022929D71005C8A8B /* Build configuration list for PBXNativeTarget "MyScore" */;
			buildPhases = (
				5F8712B93789D22E41D96658 /* [CP] Check Pods Manifest.lock */,
				7E4D4D3A22929D6E005C8A8B /* Sources */,
				7E4D4D3B22929D6E005C8A8B /* Frameworks */,
				7E4D4D3C22929D6E005C8A8B /* Resources */,
				89E9E1478E9FC4FC5D7A55EF /* [CP] Embed Pods Frameworks */,
			);
			buildRules = (
			);
			dependencies = (
			);
			name = MyScore;
			productName = MyScore;
			productReference = 7E4D4D3E22929D6E005C8A8B /* MyScore.app */;
			productType = "com.apple.product-type.application";
		};
/* End PBXNativeTarget section */

/* Begin PBXProject section */
		7E4D4D3622929D6E005C8A8B /* Project object */ = {
			isa = PBXProject;
			attributes = {
				LastSwiftUpdateCheck = 1020;
				LastUpgradeCheck = 1020;
				ORGANIZATIONNAME = "Samuel Lavasani";
				TargetAttributes = {
					7E4D4D3D22929D6E005C8A8B = {
						CreatedOnToolsVersion = 10.2.1;
					};
				};
			};
			buildConfigurationList = 7E4D4D3922929D6E005C8A8B /* Build configuration list for PBXProject "MyScore" */;
			compatibilityVersion = "Xcode 9.3";
			developmentRegion = en;
			hasScannedForEncodings = 0;
			knownRegions = (
				en,
				Base,
			);
			mainGroup = 7E4D4D3522929D6E005C8A8B;
			productRefGroup = 7E4D4D3F22929D6E005C8A8B /* Products */;
			projectDirPath = "";
			projectRoot = "";
			targets = (
				7E4D4D3D22929D6E005C8A8B /* MyScore */,
			);
		};
/* End PBXProject section */

/* Begin PBXResourcesBuildPhase section */
		7E4D4D3C22929D6E005C8A8B /* Resources */ = {
			isa = PBXResourcesBuildPhase;
			buildActionMask = 2147483647;
			files = (
				7E4D4D4C22929D71005C8A8B /* LaunchScreen.storyboard in Resources */,
				7E4D4D4922929D71005C8A8B /* Assets.xcassets in Resources */,
				7E35C6F12295A42A0068E158 /* LeagueTableViewCell.xib in Resources */,
				7E35C6ED229565C30068E158 /* SmallFixtureTableViewCell.xib in Resources */,
				7E35C6E42292EF2B0068E158 /* CustomTableViewCell.xib in Resources */,
				7E4D4D4722929D6E005C8A8B /* Main.storyboard in Resources */,
			);
			runOnlyForDeploymentPostprocessing = 0;
		};
/* End PBXResourcesBuildPhase section */

/* Begin PBXShellScriptBuildPhase section */
		5F8712B93789D22E41D96658 /* [CP] Check Pods Manifest.lock */ = {
			isa = PBXShellScriptBuildPhase;
			buildActionMask = 2147483647;
			files = (
			);
			inputFileListPaths = (
			);
			inputPaths = (
				"${PODS_PODFILE_DIR_PATH}/Podfile.lock",
				"${PODS_ROOT}/Manifest.lock",
			);
			name = "[CP] Check Pods Manifest.lock";
			outputFileListPaths = (
			);
			outputPaths = (
				"$(DERIVED_FILE_DIR)/Pods-MyScore-checkManifestLockResult.txt",
			);
			runOnlyForDeploymentPostprocessing = 0;
			shellPath = /bin/sh;
			shellScript = "diff \"${PODS_PODFILE_DIR_PATH}/Podfile.lock\" \"${PODS_ROOT}/Manifest.lock\" > /dev/null\nif [ $? != 0 ] ; then\n    # print error to STDERR\n    echo \"error: The sandbox is not in sync with the Podfile.lock. Run 'pod install' or update your CocoaPods installation.\" >&2\n    exit 1\nfi\n# This output is used by Xcode 'outputs' to avoid re-running this script phase.\necho \"SUCCESS\" > \"${SCRIPT_OUTPUT_FILE_0}\"\n";
			showEnvVarsInLog = 0;
		};
		89E9E1478E9FC4FC5D7A55EF /* [CP] Embed Pods Frameworks */ = {
			isa = PBXShellScriptBuildPhase;
			buildActionMask = 2147483647;
			files = (
			);
			inputFileListPaths = (
			);
			inputPaths = (
				"${SRCROOT}/Pods/Target Support Files/Pods-MyScore/Pods-MyScore-frameworks.sh",
				"${BUILT_PRODUCTS_DIR}/Alamofire/Alamofire.framework",
			);
			name = "[CP] Embed Pods Frameworks";
			outputFileListPaths = (
			);
			outputPaths = (
				"${TARGET_BUILD_DIR}/${FRAMEWORKS_FOLDER_PATH}/Alamofire.framework",
			);
			runOnlyForDeploymentPostprocessing = 0;
			shellPath = /bin/sh;
			shellScript = "\"${SRCROOT}/Pods/Target Support Files/Pods-MyScore/Pods-MyScore-frameworks.sh\"\n";
			showEnvVarsInLog = 0;
		};
/* End PBXShellScriptBuildPhase section */

/* Begin PBXSourcesBuildPhase section */
		7E4D4D3A22929D6E005C8A8B /* Sources */ = {
			isa = PBXSourcesBuildPhase;
			buildActionMask = 2147483647;
			files = (
				7E35C6E32292EF2B0068E158 /* CustomTableViewCell.swift in Sources */,
				7E4D4D4422929D6E005C8A8B /* CompetitionsVC.swift in Sources */,
				7E35C6DB2292DB9C0068E158 /* Competition.swift in Sources */,
				7E4D4D4222929D6E005C8A8B /* AppDelegate.swift in Sources */,
				7E35C6F02295A42A0068E158 /* LeagueTableViewCell.swift in Sources */,
				7E35C6E02292DDA80068E158 /* User.swift in Sources */,
				7E35C6EC229565C30068E158 /* SmallFixtureTableViewCell.swift in Sources */,
				7E35C6DE2292DD7A0068E158 /* Following.swift in Sources */,
				7E35C6E82294318D0068E158 /* CompetitionDetailsVC.swift in Sources */,
			);
			runOnlyForDeploymentPostprocessing = 0;
		};
/* End PBXSourcesBuildPhase section */

/* Begin PBXVariantGroup section */
		7E4D4D4522929D6E005C8A8B /* Main.storyboard */ = {
			isa = PBXVariantGroup;
			children = (
				7E4D4D4622929D6E005C8A8B /* Base */,
			);
			name = Main.storyboard;
			sourceTree = "<group>";
		};
		7E4D4D4A22929D71005C8A8B /* LaunchScreen.storyboard */ = {
			isa = PBXVariantGroup;
			children = (
				7E4D4D4B22929D71005C8A8B /* Base */,
			);
			name = LaunchScreen.storyboard;
			sourceTree = "<group>";
		};
/* End PBXVariantGroup section */

/* Begin XCBuildConfiguration section */
		7E4D4D4E22929D71005C8A8B /* Debug */ = {
			isa = XCBuildConfiguration;
			buildSettings = {
				ALWAYS_SEARCH_USER_PATHS = NO;
				CLANG_ANALYZER_NONNULL = YES;
				CLANG_ANALYZER_NUMBER_OBJECT_CONVERSION = YES_AGGRESSIVE;
				CLANG_CXX_LANGUAGE_STANDARD = "gnu++14";
				CLANG_CXX_LIBRARY = "libc++";
				CLANG_ENABLE_MODULES = YES;
				CLANG_ENABLE_OBJC_ARC = YES;
				CLANG_ENABLE_OBJC_WEAK = YES;
				CLANG_WARN_BLOCK_CAPTURE_AUTORELEASING = YES;
				CLANG_WARN_BOOL_CONVERSION = YES;
				CLANG_WARN_COMMA = YES;
				CLANG_WARN_CONSTANT_CONVERSION = YES;
				CLANG_WARN_DEPRECATED_OBJC_IMPLEMENTATIONS = YES;
				CLANG_WARN_DIRECT_OBJC_ISA_USAGE = YES_ERROR;
				CLANG_WARN_DOCUMENTATION_COMMENTS = YES;
				CLANG_WARN_EMPTY_BODY = YES;
				CLANG_WARN_ENUM_CONVERSION = YES;
				CLANG_WARN_INFINITE_RECURSION = YES;
				CLANG_WARN_INT_CONVERSION = YES;
				CLANG_WARN_NON_LITERAL_NULL_CONVERSION = YES;
				CLANG_WARN_OBJC_IMPLICIT_RETAIN_SELF = YES;
				CLANG_WARN_OBJC_LITERAL_CONVERSION = YES;
				CLANG_WARN_OBJC_ROOT_CLASS = YES_ERROR;
				CLANG_WARN_RANGE_LOOP_ANALYSIS = YES;
				CLANG_WARN_STRICT_PROTOTYPES = YES;
				CLANG_WARN_SUSPICIOUS_MOVE = YES;
				CLANG_WARN_UNGUARDED_AVAILABILITY = YES_AGGRESSIVE;
				CLANG_WARN_UNREACHABLE_CODE = YES;
				CLANG_WARN__DUPLICATE_METHOD_MATCH = YES;
				CODE_SIGN_IDENTITY = "iPhone Developer";
				COPY_PHASE_STRIP = NO;
				DEBUG_INFORMATION_FORMAT = dwarf;
				ENABLE_STRICT_OBJC_MSGSEND = YES;
				ENABLE_TESTABILITY = YES;
				GCC_C_LANGUAGE_STANDARD = gnu11;
				GCC_DYNAMIC_NO_PIC = NO;
				GCC_NO_COMMON_BLOCKS = YES;
				GCC_OPTIMIZATION_LEVEL = 0;
				GCC_PREPROCESSOR_DEFINITIONS = (
					"DEBUG=1",
					"$(inherited)",
				);
				GCC_WARN_64_TO_32_BIT_CONVERSION = YES;
				GCC_WARN_ABOUT_RETURN_TYPE = YES_ERROR;
				GCC_WARN_UNDECLARED_SELECTOR = YES;
				GCC_WARN_UNINITIALIZED_AUTOS = YES_AGGRESSIVE;
				GCC_WARN_UNUSED_FUNCTION = YES;
				GCC_WARN_UNUSED_VARIABLE = YES;
				IPHONEOS_DEPLOYMENT_TARGET = 12.2;
				MTL_ENABLE_DEBUG_INFO = INCLUDE_SOURCE;
				MTL_FAST_MATH = YES;
				ONLY_ACTIVE_ARCH = YES;
				SDKROOT = iphoneos;
				SWIFT_ACTIVE_COMPILATION_CONDITIONS = DEBUG;
				SWIFT_OPTIMIZATION_LEVEL = "-Onone";
			};
			name = Debug;
		};
		7E4D4D4F22929D71005C8A8B /* Release */ = {
			isa = XCBuildConfiguration;
			buildSettings = {
				ALWAYS_SEARCH_USER_PATHS = NO;
				CLANG_ANALYZER_NONNULL = YES;
				CLANG_ANALYZER_NUMBER_OBJECT_CONVERSION = YES_AGGRESSIVE;
				CLANG_CXX_LANGUAGE_STANDARD = "gnu++14";
				CLANG_CXX_LIBRARY = "libc++";
				CLANG_ENABLE_MODULES = YES;
				CLANG_ENABLE_OBJC_ARC = YES;
				CLANG_ENABLE_OBJC_WEAK = YES;
				CLANG_WARN_BLOCK_CAPTURE_AUTORELEASING = YES;
				CLANG_WARN_BOOL_CONVERSION = YES;
				CLANG_WARN_COMMA = YES;
				CLANG_WARN_CONSTANT_CONVERSION = YES;
				CLANG_WARN_DEPRECATED_OBJC_IMPLEMENTATIONS = YES;
				CLANG_WARN_DIRECT_OBJC_ISA_USAGE = YES_ERROR;
				CLANG_WARN_DOCUMENTATION_COMMENTS = YES;
				CLANG_WARN_EMPTY_BODY = YES;
				CLANG_WARN_ENUM_CONVERSION = YES;
				CLANG_WARN_INFINITE_RECURSION = YES;
				CLANG_WARN_INT_CONVERSION = YES;
				CLANG_WARN_NON_LITERAL_NULL_CONVERSION = YES;
				CLANG_WARN_OBJC_IMPLICIT_RETAIN_SELF = YES;
				CLANG_WARN_OBJC_LITERAL_CONVERSION = YES;
				CLANG_WARN_OBJC_ROOT_CLASS = YES_ERROR;
				CLANG_WARN_RANGE_LOOP_ANALYSIS = YES;
				CLANG_WARN_STRICT_PROTOTYPES = YES;
				CLANG_WARN_SUSPICIOUS_MOVE = YES;
				CLANG_WARN_UNGUARDED_AVAILABILITY = YES_AGGRESSIVE;
				CLANG_WARN_UNREACHABLE_CODE = YES;
				CLANG_WARN__DUPLICATE_METHOD_MATCH = YES;
				CODE_SIGN_IDENTITY = "iPhone Developer";
				COPY_PHASE_STRIP = NO;
				DEBUG_INFORMATION_FORMAT = "dwarf-with-dsym";
				ENABLE_NS_ASSERTIONS = NO;
				ENABLE_STRICT_OBJC_MSGSEND = YES;
				GCC_C_LANGUAGE_STANDARD = gnu11;
				GCC_NO_COMMON_BLOCKS = YES;
				GCC_WARN_64_TO_32_BIT_CONVERSION = YES;
				GCC_WARN_ABOUT_RETURN_TYPE = YES_ERROR;
				GCC_WARN_UNDECLARED_SELECTOR = YES;
				GCC_WARN_UNINITIALIZED_AUTOS = YES_AGGRESSIVE;
				GCC_WARN_UNUSED_FUNCTION = YES;
				GCC_WARN_UNUSED_VARIABLE = YES;
				IPHONEOS_DEPLOYMENT_TARGET = 12.2;
				MTL_ENABLE_DEBUG_INFO = NO;
				MTL_FAST_MATH = YES;
				SDKROOT = iphoneos;
				SWIFT_COMPILATION_MODE = wholemodule;
				SWIFT_OPTIMIZATION_LEVEL = "-O";
				VALIDATE_PRODUCT = YES;
			};
			name = Release;
		};
		7E4D4D5122929D71005C8A8B /* Debug */ = {
			isa = XCBuildConfiguration;
			baseConfigurationReference = B4E2C07FEC851E092636B803 /* Pods-MyScore.debug.xcconfig */;
			buildSettings = {
				ASSETCATALOG_COMPILER_APPICON_NAME = AppIcon;
				CODE_SIGN_STYLE = Automatic;
				DEVELOPMENT_TEAM = JHNA7HLFF2;
				INFOPLIST_FILE = MyScore/Info.plist;
				LD_RUNPATH_SEARCH_PATHS = (
					"$(inherited)",
					"@executable_path/Frameworks",
				);
				PRODUCT_BUNDLE_IDENTIFIER = se.samuellavasani.MyScore;
				PRODUCT_NAME = "$(TARGET_NAME)";
				SWIFT_VERSION = 5.0;
				TARGETED_DEVICE_FAMILY = "1,2";
			};
			name = Debug;
		};
		7E4D4D5222929D71005C8A8B /* Release */ = {
			isa = XCBuildConfiguration;
			baseConfigurationReference = AE2E5921B783D0E0372DF36D /* Pods-MyScore.release.xcconfig */;
			buildSettings = {
				ASSETCATALOG_COMPILER_APPICON_NAME = AppIcon;
				CODE_SIGN_STYLE = Automatic;
				DEVELOPMENT_TEAM = JHNA7HLFF2;
				INFOPLIST_FILE = MyScore/Info.plist;
				LD_RUNPATH_SEARCH_PATHS = (
					"$(inherited)",
					"@executable_path/Frameworks",
				);
				PRODUCT_BUNDLE_IDENTIFIER = se.samuellavasani.MyScore;
				PRODUCT_NAME = "$(TARGET_NAME)";
				SWIFT_VERSION = 5.0;
				TARGETED_DEVICE_FAMILY = "1,2";
			};
			name = Release;
		};
/* End XCBuildConfiguration section */

/* Begin XCConfigurationList section */
		7E4D4D3922929D6E005C8A8B /* Build configuration list for PBXProject "MyScore" */ = {
			isa = XCConfigurationList;
			buildConfigurations = (
				7E4D4D4E22929D71005C8A8B /* Debug */,
				7E4D4D4F22929D71005C8A8B /* Release */,
			);
			defaultConfigurationIsVisible = 0;
			defaultConfigurationName = Release;
		};
		7E4D4D5022929D71005C8A8B /* Build configuration list for PBXNativeTarget "MyScore" */ = {
			isa = XCConfigurationList;
			buildConfigurations = (
				7E4D4D5122929D71005C8A8B /* Debug */,
				7E4D4D5222929D71005C8A8B /* Release */,
			);
			defaultConfigurationIsVisible = 0;
			defaultConfigurationName = Release;
		};
/* End XCConfigurationList section */
	};
	rootObject = 7E4D4D3622929D6E005C8A8B /* Project object */;
}
